
Microsoft Visual Studio Solution File, Format Version 12.00
# Visual Studio Version 16
VisualStudioVersion = 16.0.30011.22
MinimumVisualStudioVersion = 10.0.40219.1
Project("{FAE04EC0-301F-11D3-BF4B-00C04F79EFBC}") = "WebbLabb4", "WebbLabb4.csproj", "{A9678DE3-BF43-4DCE-93F8-C74E880FA668}"
EndProject
Global
	GlobalSection(SolutionConfigurationPlatforms) = preSolution
		Debug|Any CPU = Debug|Any CPU
		Release|Any CPU = Release|Any CPU
	EndGlobalSection
	GlobalSection(ProjectConfigurationPlatforms) = postSolution
		{A9678DE3-BF43-4DCE-93F8-C74E880FA668}.Debug|Any CPU.ActiveCfg = Debug|Any CPU
		{A9678DE3-BF43-4DCE-93F8-C74E880FA668}.Debug|Any CPU.Build.0 = Debug|Any CPU
		{A9678DE3-BF43-4DCE-93F8-C74E880FA668}.Release|Any CPU.ActiveCfg = Release|Any CPU
		{A9678DE3-BF43-4DCE-93F8-C74E880FA668}.Release|Any CPU.Build.0 = Release|Any CPU
	EndGlobalSection
	GlobalSection(SolutionProperties) = preSolution
		HideSolutionNode = FALSE
	EndGlobalSection
	GlobalSection(ExtensibilityGlobals) = postSolution
		SolutionGuid = {6419E101-64E4-4A10-8D8F-D333A355DAE4}
	EndGlobalSection
EndGlobal
